// !$*UTF8*$!
{
	archiveVersion = 1;
	classes = {
	};
	objectVersion = 50;
	objects = {

/* Begin PBXBuildFile section */
		72A3F77E527E8EC038BBEF2C /* libPods-CDSAMPLER.a in Frameworks */ = {isa = PBXBuildFile; fileRef = 43FF46F79BC91C1ACB86DB43 /* libPods-CDSAMPLER.a */; };
		D844436625B3BF9600A15EF2 /* CDSAMPLERApp.swift in Sources */ = {isa = PBXBuildFile; fileRef = D844436525B3BF9600A15EF2 /* CDSAMPLERApp.swift */; };
		D844436A25B3BF9900A15EF2 /* Assets.xcassets in Resources */ = {isa = PBXBuildFile; fileRef = D844436925B3BF9900A15EF2 /* Assets.xcassets */; };
		D844436D25B3BF9900A15EF2 /* Preview Assets.xcassets in Resources */ = {isa = PBXBuildFile; fileRef = D844436C25B3BF9900A15EF2 /* Preview Assets.xcassets */; };
		D844437725B3BFF000A15EF2 /* SamplerView.swift in Sources */ = {isa = PBXBuildFile; fileRef = D844437625B3BFF000A15EF2 /* SamplerView.swift */; };
		D844437B25B3C36E00A15EF2 /* AudioRecorder.swift in Sources */ = {isa = PBXBuildFile; fileRef = D844437A25B3C36E00A15EF2 /* AudioRecorder.swift */; };
		D844437E25B3C6DF00A15EF2 /* RecordingListView.swift in Sources */ = {isa = PBXBuildFile; fileRef = D844437D25B3C6DF00A15EF2 /* RecordingListView.swift */; };
		D844438225B3C93E00A15EF2 /* DateExtensions.swift in Sources */ = {isa = PBXBuildFile; fileRef = D844438125B3C93E00A15EF2 /* DateExtensions.swift */; };
		D844438625B3CB7F00A15EF2 /* RecordingDataModel.swift in Sources */ = {isa = PBXBuildFile; fileRef = D844438525B3CB7F00A15EF2 /* RecordingDataModel.swift */; };
		D844438925B3CD5900A15EF2 /* Helper.swift in Sources */ = {isa = PBXBuildFile; fileRef = D844438825B3CD5900A15EF2 /* Helper.swift */; };
		D844438E25B3DABF00A15EF2 /* AudioPlayer.swift in Sources */ = {isa = PBXBuildFile; fileRef = D844438D25B3DABE00A15EF2 /* AudioPlayer.swift */; };
		D844439325B4D54A00A15EF2 /* Settings.swift in Sources */ = {isa = PBXBuildFile; fileRef = D844439225B4D54A00A15EF2 /* Settings.swift */; };
		D844439725B4D8AF00A15EF2 /* SettingsView.swift in Sources */ = {isa = PBXBuildFile; fileRef = D844439625B4D8AF00A15EF2 /* SettingsView.swift */; };
		D844439A25B4E57B00A15EF2 /* StereoLayoutModel.swift in Sources */ = {isa = PBXBuildFile; fileRef = D844439925B4E57B00A15EF2 /* StereoLayoutModel.swift */; };
		D84443A725B5186700A15EF2 /* CDSAMPLERTests.swift in Sources */ = {isa = PBXBuildFile; fileRef = D84443A625B5186700A15EF2 /* CDSAMPLERTests.swift */; };
/* End PBXBuildFile section */

/* Begin PBXContainerItemProxy section */
		D84443A925B5186700A15EF2 /* PBXContainerItemProxy */ = {
			isa = PBXContainerItemProxy;
			containerPortal = D844435A25B3BF9500A15EF2 /* Project object */;
			proxyType = 1;
			remoteGlobalIDString = D844436125B3BF9500A15EF2;
			remoteInfo = CDSAMPLER;
		};
/* End PBXContainerItemProxy section */

/* Begin PBXFileReference section */
		43FF46F79BC91C1ACB86DB43 /* libPods-CDSAMPLER.a */ = {isa = PBXFileReference; explicitFileType = archive.ar; includeInIndex = 0; path = "libPods-CDSAMPLER.a"; sourceTree = BUILT_PRODUCTS_DIR; };
		7C74B0FB88C2466536475DE0 /* Pods-CDSAMPLER.release.xcconfig */ = {isa = PBXFileReference; includeInIndex = 1; lastKnownFileType = text.xcconfig; name = "Pods-CDSAMPLER.release.xcconfig"; path = "Target Support Files/Pods-CDSAMPLER/Pods-CDSAMPLER.release.xcconfig"; sourceTree = "<group>"; };
		8033A742650D29959A19888A /* Pods-CDSAMPLER.debug.xcconfig */ = {isa = PBXFileReference; includeInIndex = 1; lastKnownFileType = text.xcconfig; name = "Pods-CDSAMPLER.debug.xcconfig"; path = "Target Support Files/Pods-CDSAMPLER/Pods-CDSAMPLER.debug.xcconfig"; sourceTree = "<group>"; };
		D844436225B3BF9600A15EF2 /* CDSAMPLER.app */ = {isa = PBXFileReference; explicitFileType = wrapper.application; includeInIndex = 0; path = CDSAMPLER.app; sourceTree = BUILT_PRODUCTS_DIR; };
		D844436525B3BF9600A15EF2 /* CDSAMPLERApp.swift */ = {isa = PBXFileReference; lastKnownFileType = sourcecode.swift; path = CDSAMPLERApp.swift; sourceTree = "<group>"; };
		D844436925B3BF9900A15EF2 /* Assets.xcassets */ = {isa = PBXFileReference; lastKnownFileType = folder.assetcatalog; path = Assets.xcassets; sourceTree = "<group>"; };
		D844436C25B3BF9900A15EF2 /* Preview Assets.xcassets */ = {isa = PBXFileReference; lastKnownFileType = folder.assetcatalog; path = "Preview Assets.xcassets"; sourceTree = "<group>"; };
		D844436E25B3BF9900A15EF2 /* Info.plist */ = {isa = PBXFileReference; lastKnownFileType = text.plist.xml; path = Info.plist; sourceTree = "<group>"; };
		D844437625B3BFF000A15EF2 /* SamplerView.swift */ = {isa = PBXFileReference; lastKnownFileType = sourcecode.swift; path = SamplerView.swift; sourceTree = "<group>"; };
		D844437A25B3C36E00A15EF2 /* AudioRecorder.swift */ = {isa = PBXFileReference; lastKnownFileType = sourcecode.swift; path = AudioRecorder.swift; sourceTree = "<group>"; };
		D844437D25B3C6DF00A15EF2 /* RecordingListView.swift */ = {isa = PBXFileReference; lastKnownFileType = sourcecode.swift; path = RecordingListView.swift; sourceTree = "<group>"; };
		D844438125B3C93E00A15EF2 /* DateExtensions.swift */ = {isa = PBXFileReference; lastKnownFileType = sourcecode.swift; path = DateExtensions.swift; sourceTree = "<group>"; };
		D844438525B3CB7F00A15EF2 /* RecordingDataModel.swift */ = {isa = PBXFileReference; lastKnownFileType = sourcecode.swift; path = RecordingDataModel.swift; sourceTree = "<group>"; };
		D844438825B3CD5900A15EF2 /* Helper.swift */ = {isa = PBXFileReference; lastKnownFileType = sourcecode.swift; path = Helper.swift; sourceTree = "<group>"; };
		D844438B25B3D29B00A15EF2 /* README.md */ = {isa = PBXFileReference; lastKnownFileType = net.daringfireball.markdown; path = README.md; sourceTree = "<group>"; };
		D844438D25B3DABE00A15EF2 /* AudioPlayer.swift */ = {isa = PBXFileReference; lastKnownFileType = sourcecode.swift; path = AudioPlayer.swift; sourceTree = "<group>"; };
		D844439225B4D54A00A15EF2 /* Settings.swift */ = {isa = PBXFileReference; lastKnownFileType = sourcecode.swift; path = Settings.swift; sourceTree = "<group>"; };
		D844439625B4D8AF00A15EF2 /* SettingsView.swift */ = {isa = PBXFileReference; lastKnownFileType = sourcecode.swift; path = SettingsView.swift; sourceTree = "<group>"; };
		D844439925B4E57B00A15EF2 /* StereoLayoutModel.swift */ = {isa = PBXFileReference; lastKnownFileType = sourcecode.swift; path = StereoLayoutModel.swift; sourceTree = "<group>"; };
		D844439C25B4FF3B00A15EF2 /* .gitignore */ = {isa = PBXFileReference; lastKnownFileType = text; path = .gitignore; sourceTree = "<group>"; };
		D84443A425B5186700A15EF2 /* CDSAMPLERTests.xctest */ = {isa = PBXFileReference; explicitFileType = wrapper.cfbundle; includeInIndex = 0; path = CDSAMPLERTests.xctest; sourceTree = BUILT_PRODUCTS_DIR; };
		D84443A625B5186700A15EF2 /* CDSAMPLERTests.swift */ = {isa = PBXFileReference; lastKnownFileType = sourcecode.swift; path = CDSAMPLERTests.swift; sourceTree = "<group>"; };
		D84443A825B5186700A15EF2 /* Info.plist */ = {isa = PBXFileReference; lastKnownFileType = text.plist.xml; path = Info.plist; sourceTree = "<group>"; };
/* End PBXFileReference section */

/* Begin PBXFrameworksBuildPhase section */
		D844435F25B3BF9500A15EF2 /* Frameworks */ = {
			isa = PBXFrameworksBuildPhase;
			buildActionMask = 2147483647;
			files = (
				72A3F77E527E8EC038BBEF2C /* libPods-CDSAMPLER.a in Frameworks */,
			);
			runOnlyForDeploymentPostprocessing = 0;
		};
		D84443A125B5186700A15EF2 /* Frameworks */ = {
			isa = PBXFrameworksBuildPhase;
			buildActionMask = 2147483647;
			files = (
			);
			runOnlyForDeploymentPostprocessing = 0;
		};
/* End PBXFrameworksBuildPhase section */

/* Begin PBXGroup section */
		3B41411A59FBAD24026E51BA /* Pods */ = {
			isa = PBXGroup;
			children = (
				8033A742650D29959A19888A /* Pods-CDSAMPLER.debug.xcconfig */,
				7C74B0FB88C2466536475DE0 /* Pods-CDSAMPLER.release.xcconfig */,
			);
			name = Pods;
			path = Pods;
			sourceTree = "<group>";
		};
		D844435925B3BF9500A15EF2 = {
			isa = PBXGroup;
			children = (
				D844439C25B4FF3B00A15EF2 /* .gitignore */,
				D844438B25B3D29B00A15EF2 /* README.md */,
				D844436425B3BF9600A15EF2 /* CDSAMPLER */,
				D84443A525B5186700A15EF2 /* CDSAMPLERTests */,
				D844436325B3BF9600A15EF2 /* Products */,
				3B41411A59FBAD24026E51BA /* Pods */,
				F90B6E3803781ED63949F33F /* Frameworks */,
			);
			sourceTree = "<group>";
		};
		D844436325B3BF9600A15EF2 /* Products */ = {
			isa = PBXGroup;
			children = (
				D844436225B3BF9600A15EF2 /* CDSAMPLER.app */,
				D84443A425B5186700A15EF2 /* CDSAMPLERTests.xctest */,
			);
			name = Products;
			sourceTree = "<group>";
		};
		D844436425B3BF9600A15EF2 /* CDSAMPLER */ = {
			isa = PBXGroup;
			children = (
				D844439F25B5156200A15EF2 /* View Models */,
				D844439D25B501BA00A15EF2 /* Audio */,
				D844438825B3CD5900A15EF2 /* Helper.swift */,
				D844438425B3CB6F00A15EF2 /* Models */,
				D844438025B3C92C00A15EF2 /* Extensions */,
				D844437525B3BFD700A15EF2 /* Views */,
				D844436525B3BF9600A15EF2 /* CDSAMPLERApp.swift */,
				D844436925B3BF9900A15EF2 /* Assets.xcassets */,
				D844436E25B3BF9900A15EF2 /* Info.plist */,
				D844436B25B3BF9900A15EF2 /* Preview Content */,
			);
			path = CDSAMPLER;
			sourceTree = "<group>";
		};
		D844436B25B3BF9900A15EF2 /* Preview Content */ = {
			isa = PBXGroup;
			children = (
				D844436C25B3BF9900A15EF2 /* Preview Assets.xcassets */,
			);
			path = "Preview Content";
			sourceTree = "<group>";
		};
		D844437525B3BFD700A15EF2 /* Views */ = {
			isa = PBXGroup;
			children = (
				D844437625B3BFF000A15EF2 /* SamplerView.swift */,
				D844437D25B3C6DF00A15EF2 /* RecordingListView.swift */,
				D844439625B4D8AF00A15EF2 /* SettingsView.swift */,
			);
			path = Views;
			sourceTree = "<group>";
		};
		D844438025B3C92C00A15EF2 /* Extensions */ = {
			isa = PBXGroup;
			children = (
				D844438125B3C93E00A15EF2 /* DateExtensions.swift */,
			);
			path = Extensions;
			sourceTree = "<group>";
		};
		D844438425B3CB6F00A15EF2 /* Models */ = {
			isa = PBXGroup;
			children = (
				D844438525B3CB7F00A15EF2 /* RecordingDataModel.swift */,
				D844439925B4E57B00A15EF2 /* StereoLayoutModel.swift */,
			);
			path = Models;
			sourceTree = "<group>";
		};
		D844439D25B501BA00A15EF2 /* Audio */ = {
			isa = PBXGroup;
			children = (
				D844438D25B3DABE00A15EF2 /* AudioPlayer.swift */,
				D844437A25B3C36E00A15EF2 /* AudioRecorder.swift */,
			);
			path = Audio;
			sourceTree = "<group>";
		};
		D844439F25B5156200A15EF2 /* View Models */ = {
			isa = PBXGroup;
			children = (
				D844439225B4D54A00A15EF2 /* Settings.swift */,
			);
			path = "View Models";
			sourceTree = "<group>";
		};
		D84443A525B5186700A15EF2 /* CDSAMPLERTests */ = {
			isa = PBXGroup;
			children = (
				D84443A625B5186700A15EF2 /* CDSAMPLERTests.swift */,
				D84443A825B5186700A15EF2 /* Info.plist */,
			);
			path = CDSAMPLERTests;
			sourceTree = "<group>";
		};
		F90B6E3803781ED63949F33F /* Frameworks */ = {
			isa = PBXGroup;
			children = (
				43FF46F79BC91C1ACB86DB43 /* libPods-CDSAMPLER.a */,
			);
			name = Frameworks;
			sourceTree = "<group>";
		};
/* End PBXGroup section */

/* Begin PBXNativeTarget section */
		D844436125B3BF9500A15EF2 /* CDSAMPLER */ = {
			isa = PBXNativeTarget;
			buildConfigurationList = D844437125B3BF9900A15EF2 /* Build configuration list for PBXNativeTarget "CDSAMPLER" */;
			buildPhases = (
				5B0DEABC89BE2F8D89ECC89F /* [CP] Check Pods Manifest.lock */,
				D844435E25B3BF9500A15EF2 /* Sources */,
				D844435F25B3BF9500A15EF2 /* Frameworks */,
				D844436025B3BF9500A15EF2 /* Resources */,
				E19B740C491369A982DF9443 /* [CP] Copy Pods Resources */,
			);
			buildRules = (
			);
			dependencies = (
			);
			name = CDSAMPLER;
			productName = CDSAMPLER;
			productReference = D844436225B3BF9600A15EF2 /* CDSAMPLER.app */;
			productType = "com.apple.product-type.application";
		};
		D84443A325B5186700A15EF2 /* CDSAMPLERTests */ = {
			isa = PBXNativeTarget;
			buildConfigurationList = D84443AB25B5186700A15EF2 /* Build configuration list for PBXNativeTarget "CDSAMPLERTests" */;
			buildPhases = (
				D84443A025B5186700A15EF2 /* Sources */,
				D84443A125B5186700A15EF2 /* Frameworks */,
				D84443A225B5186700A15EF2 /* Resources */,
			);
			buildRules = (
			);
			dependencies = (
				D84443AA25B5186700A15EF2 /* PBXTargetDependency */,
			);
			name = CDSAMPLERTests;
			productName = CDSAMPLERTests;
			productReference = D84443A425B5186700A15EF2 /* CDSAMPLERTests.xctest */;
			productType = "com.apple.product-type.bundle.unit-test";
		};
/* End PBXNativeTarget section */

/* Begin PBXProject section */
		D844435A25B3BF9500A15EF2 /* Project object */ = {
			isa = PBXProject;
			attributes = {
				LastSwiftUpdateCheck = 1230;
				LastUpgradeCheck = 1230;
				TargetAttributes = {
					D844436125B3BF9500A15EF2 = {
						CreatedOnToolsVersion = 12.3;
					};
					D84443A325B5186700A15EF2 = {
						CreatedOnToolsVersion = 12.3;
						TestTargetID = D844436125B3BF9500A15EF2;
					};
				};
			};
			buildConfigurationList = D844435D25B3BF9500A15EF2 /* Build configuration list for PBXProject "CDSAMPLER" */;
			compatibilityVersion = "Xcode 9.3";
			developmentRegion = en;
			hasScannedForEncodings = 0;
			knownRegions = (
				en,
				Base,
			);
			mainGroup = D844435925B3BF9500A15EF2;
			productRefGroup = D844436325B3BF9600A15EF2 /* Products */;
			projectDirPath = "";
			projectRoot = "";
			targets = (
				D844436125B3BF9500A15EF2 /* CDSAMPLER */,
				D84443A325B5186700A15EF2 /* CDSAMPLERTests */,
			);
		};
/* End PBXProject section */

/* Begin PBXResourcesBuildPhase section */
		D844436025B3BF9500A15EF2 /* Resources */ = {
			isa = PBXResourcesBuildPhase;
			buildActionMask = 2147483647;
			files = (
				D844436D25B3BF9900A15EF2 /* Preview Assets.xcassets in Resources */,
				D844436A25B3BF9900A15EF2 /* Assets.xcassets in Resources */,
			);
			runOnlyForDeploymentPostprocessing = 0;
		};
		D84443A225B5186700A15EF2 /* Resources */ = {
			isa = PBXResourcesBuildPhase;
			buildActionMask = 2147483647;
			files = (
			);
			runOnlyForDeploymentPostprocessing = 0;
		};
/* End PBXResourcesBuildPhase section */

/* Begin PBXShellScriptBuildPhase section */
		5B0DEABC89BE2F8D89ECC89F /* [CP] Check Pods Manifest.lock */ = {
			isa = PBXShellScriptBuildPhase;
			buildActionMask = 2147483647;
			files = (
			);
			inputFileListPaths = (
			);
			inputPaths = (
				"${PODS_PODFILE_DIR_PATH}/Podfile.lock",
				"${PODS_ROOT}/Manifest.lock",
			);
			name = "[CP] Check Pods Manifest.lock";
			outputFileListPaths = (
			);
			outputPaths = (
				"$(DERIVED_FILE_DIR)/Pods-CDSAMPLER-checkManifestLockResult.txt",
			);
			runOnlyForDeploymentPostprocessing = 0;
			shellPath = /bin/sh;
			shellScript = "diff \"${PODS_PODFILE_DIR_PATH}/Podfile.lock\" \"${PODS_ROOT}/Manifest.lock\" > /dev/null\nif [ $? != 0 ] ; then\n    # print error to STDERR\n    echo \"error: The sandbox is not in sync with the Podfile.lock. Run 'pod install' or update your CocoaPods installation.\" >&2\n    exit 1\nfi\n# This output is used by Xcode 'outputs' to avoid re-running this script phase.\necho \"SUCCESS\" > \"${SCRIPT_OUTPUT_FILE_0}\"\n";
			showEnvVarsInLog = 0;
		};
		E19B740C491369A982DF9443 /* [CP] Copy Pods Resources */ = {
			isa = PBXShellScriptBuildPhase;
			buildActionMask = 2147483647;
			files = (
			);
			inputFileListPaths = (
				"${PODS_ROOT}/Target Support Files/Pods-CDSAMPLER/Pods-CDSAMPLER-resources-${CONFIGURATION}-input-files.xcfilelist",
			);
			name = "[CP] Copy Pods Resources";
			outputFileListPaths = (
				"${PODS_ROOT}/Target Support Files/Pods-CDSAMPLER/Pods-CDSAMPLER-resources-${CONFIGURATION}-output-files.xcfilelist",
			);
			runOnlyForDeploymentPostprocessing = 0;
			shellPath = /bin/sh;
			shellScript = "\"${PODS_ROOT}/Target Support Files/Pods-CDSAMPLER/Pods-CDSAMPLER-resources.sh\"\n";
			showEnvVarsInLog = 0;
		};
/* End PBXShellScriptBuildPhase section */

/* Begin PBXSourcesBuildPhase section */
		D844435E25B3BF9500A15EF2 /* Sources */ = {
			isa = PBXSourcesBuildPhase;
			buildActionMask = 2147483647;
			files = (
				D844437725B3BFF000A15EF2 /* SamplerView.swift in Sources */,
				D844437E25B3C6DF00A15EF2 /* RecordingListView.swift in Sources */,
				D844439A25B4E57B00A15EF2 /* StereoLayoutModel.swift in Sources */,
				D844438E25B3DABF00A15EF2 /* AudioPlayer.swift in Sources */,
				D844438625B3CB7F00A15EF2 /* RecordingDataModel.swift in Sources */,
				D844439325B4D54A00A15EF2 /* Settings.swift in Sources */,
				D844439725B4D8AF00A15EF2 /* SettingsView.swift in Sources */,
				D844437B25B3C36E00A15EF2 /* AudioRecorder.swift in Sources */,
				D844436625B3BF9600A15EF2 /* CDSAMPLERApp.swift in Sources */,
				D844438225B3C93E00A15EF2 /* DateExtensions.swift in Sources */,
				D844438925B3CD5900A15EF2 /* Helper.swift in Sources */,
			);
			runOnlyForDeploymentPostprocessing = 0;
		};
		D84443A025B5186700A15EF2 /* Sources */ = {
			isa = PBXSourcesBuildPhase;
			buildActionMask = 2147483647;
			files = (
				D84443A725B5186700A15EF2 /* CDSAMPLERTests.swift in Sources */,
			);
			runOnlyForDeploymentPostprocessing = 0;
		};
/* End PBXSourcesBuildPhase section */

/* Begin PBXTargetDependency section */
		D84443AA25B5186700A15EF2 /* PBXTargetDependency */ = {
			isa = PBXTargetDependency;
			target = D844436125B3BF9500A15EF2 /* CDSAMPLER */;
			targetProxy = D84443A925B5186700A15EF2 /* PBXContainerItemProxy */;
		};
/* End PBXTargetDependency section */

/* Begin XCBuildConfiguration section */
		D844436F25B3BF9900A15EF2 /* Debug */ = {
			isa = XCBuildConfiguration;
			buildSettings = {
				ALWAYS_SEARCH_USER_PATHS = NO;
				CLANG_ANALYZER_NONNULL = YES;
				CLANG_ANALYZER_NUMBER_OBJECT_CONVERSION = YES_AGGRESSIVE;
				CLANG_CXX_LANGUAGE_STANDARD = "gnu++14";
				CLANG_CXX_LIBRARY = "libc++";
				CLANG_ENABLE_MODULES = YES;
				CLANG_ENABLE_OBJC_ARC = YES;
				CLANG_ENABLE_OBJC_WEAK = YES;
				CLANG_WARN_BLOCK_CAPTURE_AUTORELEASING = YES;
				CLANG_WARN_BOOL_CONVERSION = YES;
				CLANG_WARN_COMMA = YES;
				CLANG_WARN_CONSTANT_CONVERSION = YES;
				CLANG_WARN_DEPRECATED_OBJC_IMPLEMENTATIONS = YES;
				CLANG_WARN_DIRECT_OBJC_ISA_USAGE = YES_ERROR;
				CLANG_WARN_DOCUMENTATION_COMMENTS = YES;
				CLANG_WARN_EMPTY_BODY = YES;
				CLANG_WARN_ENUM_CONVERSION = YES;
				CLANG_WARN_INFINITE_RECURSION = YES;
				CLANG_WARN_INT_CONVERSION = YES;
				CLANG_WARN_NON_LITERAL_NULL_CONVERSION = YES;
				CLANG_WARN_OBJC_IMPLICIT_RETAIN_SELF = YES;
				CLANG_WARN_OBJC_LITERAL_CONVERSION = YES;
				CLANG_WARN_OBJC_ROOT_CLASS = YES_ERROR;
				CLANG_WARN_QUOTED_INCLUDE_IN_FRAMEWORK_HEADER = YES;
				CLANG_WARN_RANGE_LOOP_ANALYSIS = YES;
				CLANG_WARN_STRICT_PROTOTYPES = YES;
				CLANG_WARN_SUSPICIOUS_MOVE = YES;
				CLANG_WARN_UNGUARDED_AVAILABILITY = YES_AGGRESSIVE;
				CLANG_WARN_UNREACHABLE_CODE = YES;
				CLANG_WARN__DUPLICATE_METHOD_MATCH = YES;
				COPY_PHASE_STRIP = NO;
				DEBUG_INFORMATION_FORMAT = dwarf;
				ENABLE_STRICT_OBJC_MSGSEND = YES;
				ENABLE_TESTABILITY = YES;
				GCC_C_LANGUAGE_STANDARD = gnu11;
				GCC_DYNAMIC_NO_PIC = NO;
				GCC_NO_COMMON_BLOCKS = YES;
				GCC_OPTIMIZATION_LEVEL = 0;
				GCC_PREPROCESSOR_DEFINITIONS = (
					"DEBUG=1",
					"$(inherited)",
				);
				GCC_WARN_64_TO_32_BIT_CONVERSION = YES;
				GCC_WARN_ABOUT_RETURN_TYPE = YES_ERROR;
				GCC_WARN_UNDECLARED_SELECTOR = YES;
				GCC_WARN_UNINITIALIZED_AUTOS = YES_AGGRESSIVE;
				GCC_WARN_UNUSED_FUNCTION = YES;
				GCC_WARN_UNUSED_VARIABLE = YES;
				IPHONEOS_DEPLOYMENT_TARGET = 14.3;
				MTL_ENABLE_DEBUG_INFO = INCLUDE_SOURCE;
				MTL_FAST_MATH = YES;
				ONLY_ACTIVE_ARCH = YES;
				SDKROOT = iphoneos;
				SWIFT_ACTIVE_COMPILATION_CONDITIONS = DEBUG;
				SWIFT_OPTIMIZATION_LEVEL = "-Onone";
			};
			name = Debug;
		};
		D844437025B3BF9900A15EF2 /* Release */ = {
			isa = XCBuildConfiguration;
			buildSettings = {
				ALWAYS_SEARCH_USER_PATHS = NO;
				CLANG_ANALYZER_NONNULL = YES;
				CLANG_ANALYZER_NUMBER_OBJECT_CONVERSION = YES_AGGRESSIVE;
				CLANG_CXX_LANGUAGE_STANDARD = "gnu++14";
				CLANG_CXX_LIBRARY = "libc++";
				CLANG_ENABLE_MODULES = YES;
				CLANG_ENABLE_OBJC_ARC = YES;
				CLANG_ENABLE_OBJC_WEAK = YES;
				CLANG_WARN_BLOCK_CAPTURE_AUTORELEASING = YES;
				CLANG_WARN_BOOL_CONVERSION = YES;
				CLANG_WARN_COMMA = YES;
				CLANG_WARN_CONSTANT_CONVERSION = YES;
				CLANG_WARN_DEPRECATED_OBJC_IMPLEMENTATIONS = YES;
				CLANG_WARN_DIRECT_OBJC_ISA_USAGE = YES_ERROR;
				CLANG_WARN_DOCUMENTATION_COMMENTS = YES;
				CLANG_WARN_EMPTY_BODY = YES;
				CLANG_WARN_ENUM_CONVERSION = YES;
				CLANG_WARN_INFINITE_RECURSION = YES;
				CLANG_WARN_INT_CONVERSION = YES;
				CLANG_WARN_NON_LITERAL_NULL_CONVERSION = YES;
				CLANG_WARN_OBJC_IMPLICIT_RETAIN_SELF = YES;
				CLANG_WARN_OBJC_LITERAL_CONVERSION = YES;
				CLANG_WARN_OBJC_ROOT_CLASS = YES_ERROR;
				CLANG_WARN_QUOTED_INCLUDE_IN_FRAMEWORK_HEADER = YES;
				CLANG_WARN_RANGE_LOOP_ANALYSIS = YES;
				CLANG_WARN_STRICT_PROTOTYPES = YES;
				CLANG_WARN_SUSPICIOUS_MOVE = YES;
				CLANG_WARN_UNGUARDED_AVAILABILITY = YES_AGGRESSIVE;
				CLANG_WARN_UNREACHABLE_CODE = YES;
				CLANG_WARN__DUPLICATE_METHOD_MATCH = YES;
				COPY_PHASE_STRIP = NO;
				DEBUG_INFORMATION_FORMAT = "dwarf-with-dsym";
				ENABLE_NS_ASSERTIONS = NO;
				ENABLE_STRICT_OBJC_MSGSEND = YES;
				GCC_C_LANGUAGE_STANDARD = gnu11;
				GCC_NO_COMMON_BLOCKS = YES;
				GCC_WARN_64_TO_32_BIT_CONVERSION = YES;
				GCC_WARN_ABOUT_RETURN_TYPE = YES_ERROR;
				GCC_WARN_UNDECLARED_SELECTOR = YES;
				GCC_WARN_UNINITIALIZED_AUTOS = YES_AGGRESSIVE;
				GCC_WARN_UNUSED_FUNCTION = YES;
				GCC_WARN_UNUSED_VARIABLE = YES;
				IPHONEOS_DEPLOYMENT_TARGET = 14.3;
				MTL_ENABLE_DEBUG_INFO = NO;
				MTL_FAST_MATH = YES;
				SDKROOT = iphoneos;
				SWIFT_COMPILATION_MODE = wholemodule;
				SWIFT_OPTIMIZATION_LEVEL = "-O";
				VALIDATE_PRODUCT = YES;
			};
			name = Release;
		};
		D844437225B3BF9900A15EF2 /* Debug */ = {
			isa = XCBuildConfiguration;
			baseConfigurationReference = 8033A742650D29959A19888A /* Pods-CDSAMPLER.debug.xcconfig */;
			buildSettings = {
				ASSETCATALOG_COMPILER_APPICON_NAME = AppIcon;
				ASSETCATALOG_COMPILER_GLOBAL_ACCENT_COLOR_NAME = AccentColor;
				CODE_SIGN_STYLE = Automatic;
				DEVELOPMENT_ASSET_PATHS = "\"CDSAMPLER/Preview Content\"";
				DEVELOPMENT_TEAM = UG46FQ5C84;
				ENABLE_PREVIEWS = YES;
				INFOPLIST_FILE = CDSAMPLER/Info.plist;
				IPHONEOS_DEPLOYMENT_TARGET = 14.0;
				LD_RUNPATH_SEARCH_PATHS = (
					"$(inherited)",
					"@executable_path/Frameworks",
				);
				PRODUCT_BUNDLE_IDENTIFIER = com.illusiveluminance.CDSAMPLER;
				PRODUCT_NAME = "$(TARGET_NAME)";
				SWIFT_VERSION = 5.0;
				TARGETED_DEVICE_FAMILY = "1,2";
			};
			name = Debug;
		};
		D844437325B3BF9900A15EF2 /* Release */ = {
			isa = XCBuildConfiguration;
			baseConfigurationReference = 7C74B0FB88C2466536475DE0 /* Pods-CDSAMPLER.release.xcconfig */;
			buildSettings = {
				ASSETCATALOG_COMPILER_APPICON_NAME = AppIcon;
				ASSETCATALOG_COMPILER_GLOBAL_ACCENT_COLOR_NAME = AccentColor;
				CODE_SIGN_STYLE = Automatic;
				DEVELOPMENT_ASSET_PATHS = "\"CDSAMPLER/Preview Content\"";
				DEVELOPMENT_TEAM = UG46FQ5C84;
				ENABLE_PREVIEWS = YES;
				INFOPLIST_FILE = CDSAMPLER/Info.plist;
				IPHONEOS_DEPLOYMENT_TARGET = 14.0;
				LD_RUNPATH_SEARCH_PATHS = (
					"$(inherited)",
					"@executable_path/Frameworks",
				);
				PRODUCT_BUNDLE_IDENTIFIER = com.illusiveluminance.CDSAMPLER;
				PRODUCT_NAME = "$(TARGET_NAME)";
				SWIFT_VERSION = 5.0;
				TARGETED_DEVICE_FAMILY = "1,2";
			};
			name = Release;
		};
		D84443AC25B5186700A15EF2 /* Debug */ = {
			isa = XCBuildConfiguration;
			buildSettings = {
				BUNDLE_LOADER = "$(TEST_HOST)";
				CODE_SIGN_STYLE = Automatic;
				DEVELOPMENT_TEAM = 94XUGF9CU7;
				INFOPLIST_FILE = CDSAMPLERTests/Info.plist;
				LD_RUNPATH_SEARCH_PATHS = (
					"$(inherited)",
					"@executable_path/Frameworks",
					"@loader_path/Frameworks",
				);
				PRODUCT_BUNDLE_IDENTIFIER = com.bretth18.CDSAMPLERTests;
				PRODUCT_NAME = "$(TARGET_NAME)";
				SWIFT_VERSION = 5.0;
				TARGETED_DEVICE_FAMILY = "1,2";
				TEST_HOST = "$(BUILT_PRODUCTS_DIR)/CDSAMPLER.app/CDSAMPLER";
			};
			name = Debug;
		};
		D84443AD25B5186700A15EF2 /* Release */ = {
			isa = XCBuildConfiguration;
			buildSettings = {
				BUNDLE_LOADER = "$(TEST_HOST)";
				CODE_SIGN_STYLE = Automatic;
				DEVELOPMENT_TEAM = 94XUGF9CU7;
				INFOPLIST_FILE = CDSAMPLERTests/Info.plist;
				LD_RUNPATH_SEARCH_PATHS = (
					"$(inherited)",
					"@executable_path/Frameworks",
					"@loader_path/Frameworks",
				);
				PRODUCT_BUNDLE_IDENTIFIER = com.bretth18.CDSAMPLERTests;
				PRODUCT_NAME = "$(TARGET_NAME)";
				SWIFT_VERSION = 5.0;
				TARGETED_DEVICE_FAMILY = "1,2";
				TEST_HOST = "$(BUILT_PRODUCTS_DIR)/CDSAMPLER.app/CDSAMPLER";
			};
			name = Release;
		};
/* End XCBuildConfiguration section */

/* Begin XCConfigurationList section */
		D844435D25B3BF9500A15EF2 /* Build configuration list for PBXProject "CDSAMPLER" */ = {
			isa = XCConfigurationList;
			buildConfigurations = (
				D844436F25B3BF9900A15EF2 /* Debug */,
				D844437025B3BF9900A15EF2 /* Release */,
			);
			defaultConfigurationIsVisible = 0;
			defaultConfigurationName = Release;
		};
		D844437125B3BF9900A15EF2 /* Build configuration list for PBXNativeTarget "CDSAMPLER" */ = {
			isa = XCConfigurationList;
			buildConfigurations = (
				D844437225B3BF9900A15EF2 /* Debug */,
				D844437325B3BF9900A15EF2 /* Release */,
			);
			defaultConfigurationIsVisible = 0;
			defaultConfigurationName = Release;
		};
		D84443AB25B5186700A15EF2 /* Build configuration list for PBXNativeTarget "CDSAMPLERTests" */ = {
			isa = XCConfigurationList;
			buildConfigurations = (
				D84443AC25B5186700A15EF2 /* Debug */,
				D84443AD25B5186700A15EF2 /* Release */,
			);
			defaultConfigurationIsVisible = 0;
			defaultConfigurationName = Release;
		};
/* End XCConfigurationList section */
	};
	rootObject = D844435A25B3BF9500A15EF2 /* Project object */;
}
